
Microsoft Visual Studio Solution File, Format Version 12.00
# Visual Studio Version 17
VisualStudioVersion = 17.5.002.0
MinimumVisualStudioVersion = 10.0.40219.1
Project("{9A19103F-16F7-4668-BE54-9A1E7A4F7556}") = "CS68_MVC1", "CS68_MVC1.csproj", "{E3F3B377-41FB-4E77-B29F-55294F685AD9}"
EndProject
Global
	GlobalSection(SolutionConfigurationPlatforms) = preSolution
		Debug|Any CPU = Debug|Any CPU
		Release|Any CPU = Release|Any CPU
	EndGlobalSection
	GlobalSection(ProjectConfigurationPlatforms) = postSolution
		{E3F3B377-41FB-4E77-B29F-55294F685AD9}.Debug|Any CPU.ActiveCfg = Debug|Any CPU
		{E3F3B377-41FB-4E77-B29F-55294F685AD9}.Debug|Any CPU.Build.0 = Debug|Any CPU
		{E3F3B377-41FB-4E77-B29F-55294F685AD9}.Release|Any CPU.ActiveCfg = Release|Any CPU
		{E3F3B377-41FB-4E77-B29F-55294F685AD9}.Release|Any CPU.Build.0 = Release|Any CPU
	EndGlobalSection
	GlobalSection(SolutionProperties) = preSolution
		HideSolutionNode = FALSE
	EndGlobalSection
	GlobalSection(ExtensibilityGlobals) = postSolution
		SolutionGuid = {2CB23C5F-63CE-4EF1-89DE-C21D3807CAD2}
	EndGlobalSection
EndGlobal
